
Microsoft Visual Studio Solution File, Format Version 12.00
# Visual Studio Version 17
VisualStudioVersion = 17.4.33110.190
MinimumVisualStudioVersion = 10.0.40219.1
Project("{FAE04EC0-301F-11D3-BF4B-00C04F79EFBC}") = "_HOL3", "_HOL3\_HOL3.csproj", "{8C8B8BB2-CA90-4DD2-90D2-F0589583C600}"
EndProject
Global
	GlobalSection(SolutionConfigurationPlatforms) = preSolution
		Debug|Any CPU = Debug|Any CPU
		Release|Any CPU = Release|Any CPU
	EndGlobalSection
	GlobalSection(ProjectConfigurationPlatforms) = postSolution
		{8C8B8BB2-CA90-4DD2-90D2-F0589583C600}.Debug|Any CPU.ActiveCfg = Debug|Any CPU
		{8C8B8BB2-CA90-4DD2-90D2-F0589583C600}.Debug|Any CPU.Build.0 = Debug|Any CPU
		{8C8B8BB2-CA90-4DD2-90D2-F0589583C600}.Release|Any CPU.ActiveCfg = Release|Any CPU
		{8C8B8BB2-CA90-4DD2-90D2-F0589583C600}.Release|Any CPU.Build.0 = Release|Any CPU
	EndGlobalSection
	GlobalSection(SolutionProperties) = preSolution
		HideSolutionNode = FALSE
	EndGlobalSection
	GlobalSection(ExtensibilityGlobals) = postSolution
		SolutionGuid = {5D1A699C-C015-4F52-B7EA-C15F8304E7A4}
	EndGlobalSection
EndGlobal
